// !$*UTF8*$!
{
	archiveVersion = 1;
	classes = {
	};
	objectVersion = 77;
	objects = {

/* Begin PBXContainerItemProxy section */
		40F6FBE62D3B9E6C00C2FF35 /* PBXContainerItemProxy */ = {
			isa = PBXContainerItemProxy;
			containerPortal = 40F6FBCB2D3B9E6A00C2FF35 /* Project object */;
			proxyType = 1;
			remoteGlobalIDString = 40F6FBD22D3B9E6A00C2FF35;
			remoteInfo = WardrobeAssistant;
		};
		40F6FBF02D3B9E6C00C2FF35 /* PBXContainerItemProxy */ = {
			isa = PBXContainerItemProxy;
			containerPortal = 40F6FBCB2D3B9E6A00C2FF35 /* Project object */;
			proxyType = 1;
			remoteGlobalIDString = 40F6FBD22D3B9E6A00C2FF35;
			remoteInfo = WardrobeAssistant;
		};
/* End PBXContainerItemProxy section */

/* Begin PBXFileReference section */
		40F6FBD32D3B9E6A00C2FF35 /* wardrobe-assistant.app */ = {isa = PBXFileReference; explicitFileType = wrapper.application; includeInIndex = 0; path = "wardrobe-assistant.app"; sourceTree = BUILT_PRODUCTS_DIR; };
		40F6FBE52D3B9E6C00C2FF35 /* wardrobe-assistantTests.xctest */ = {isa = PBXFileReference; explicitFileType = wrapper.cfbundle; includeInIndex = 0; path = "wardrobe-assistantTests.xctest"; sourceTree = BUILT_PRODUCTS_DIR; };
		40F6FBEF2D3B9E6C00C2FF35 /* wardrobe-assistantUITests.xctest */ = {isa = PBXFileReference; explicitFileType = wrapper.cfbundle; includeInIndex = 0; path = "wardrobe-assistantUITests.xctest"; sourceTree = BUILT_PRODUCTS_DIR; };
/* End PBXFileReference section */

/* Begin PBXFileSystemSynchronizedRootGroup section */
		40F6FBD52D3B9E6A00C2FF35 /* WardrobeAssistant */ = {
			isa = PBXFileSystemSynchronizedRootGroup;
			path = WardrobeAssistant;
			sourceTree = "<group>";
		};
		40F6FBE82D3B9E6C00C2FF35 /* WardrobeAssistantTests */ = {
			isa = PBXFileSystemSynchronizedRootGroup;
			path = WardrobeAssistantTests;
			sourceTree = "<group>";
		};
		40F6FBF22D3B9E6C00C2FF35 /* WardrobeAssistantUITests */ = {
			isa = PBXFileSystemSynchronizedRootGroup;
			path = WardrobeAssistantUITests;
			sourceTree = "<group>";
		};
/* End PBXFileSystemSynchronizedRootGroup section */

/* Begin PBXFrameworksBuildPhase section */
		40F6FBD02D3B9E6A00C2FF35 /* Frameworks */ = {
			isa = PBXFrameworksBuildPhase;
			buildActionMask = 2147483647;
			files = (
			);
			runOnlyForDeploymentPostprocessing = 0;
		};
		40F6FBE22D3B9E6C00C2FF35 /* Frameworks */ = {
			isa = PBXFrameworksBuildPhase;
			buildActionMask = 2147483647;
			files = (
			);
			runOnlyForDeploymentPostprocessing = 0;
		};
		40F6FBEC2D3B9E6C00C2FF35 /* Frameworks */ = {
			isa = PBXFrameworksBuildPhase;
			buildActionMask = 2147483647;
			files = (
			);
			runOnlyForDeploymentPostprocessing = 0;
		};
/* End PBXFrameworksBuildPhase section */

/* Begin PBXGroup section */
		40F6FBCA2D3B9E6A00C2FF35 = {
			isa = PBXGroup;
			children = (
				40F6FBD52D3B9E6A00C2FF35 /* WardrobeAssistant */,
				40F6FBE82D3B9E6C00C2FF35 /* WardrobeAssistantTests */,
				40F6FBF22D3B9E6C00C2FF35 /* WardrobeAssistantUITests */,
				40F6FBD42D3B9E6A00C2FF35 /* Products */,
			);
			sourceTree = "<group>";
		};
		40F6FBD42D3B9E6A00C2FF35 /* Products */ = {
			isa = PBXGroup;
			children = (
				40F6FBD32D3B9E6A00C2FF35 /* wardrobe-assistant.app */,
				40F6FBE52D3B9E6C00C2FF35 /* wardrobe-assistantTests.xctest */,
				40F6FBEF2D3B9E6C00C2FF35 /* wardrobe-assistantUITests.xctest */,
			);
			name = Products;
			sourceTree = "<group>";
		};
/* End PBXGroup section */

/* Begin PBXNativeTarget section */
		40F6FBD22D3B9E6A00C2FF35 /* wardrobe-assistant */ = {
			isa = PBXNativeTarget;
			buildConfigurationList = 40F6FBF92D3B9E6C00C2FF35 /* Build configuration list for PBXNativeTarget "wardrobe-assistant" */;
			buildPhases = (
				40F6FBCF2D3B9E6A00C2FF35 /* Sources */,
				40F6FBD02D3B9E6A00C2FF35 /* Frameworks */,
				40F6FBD12D3B9E6A00C2FF35 /* Resources */,
			);
			buildRules = (
			);
			dependencies = (
			);
			fileSystemSynchronizedGroups = (
				40F6FBD52D3B9E6A00C2FF35 /* WardrobeAssistant */,
			);
			name = "wardrobe-assistant";
			packageProductDependencies = (
			);
			productName = WardrobeAssistant;
			productReference = 40F6FBD32D3B9E6A00C2FF35 /* wardrobe-assistant.app */;
			productType = "com.apple.product-type.application";
		};
		40F6FBE42D3B9E6C00C2FF35 /* wardrobe-assistantTests */ = {
			isa = PBXNativeTarget;
			buildConfigurationList = 40F6FBFC2D3B9E6C00C2FF35 /* Build configuration list for PBXNativeTarget "wardrobe-assistantTests" */;
			buildPhases = (
				40F6FBE12D3B9E6C00C2FF35 /* Sources */,
				40F6FBE22D3B9E6C00C2FF35 /* Frameworks */,
				40F6FBE32D3B9E6C00C2FF35 /* Resources */,
			);
			buildRules = (
			);
			dependencies = (
				40F6FBE72D3B9E6C00C2FF35 /* PBXTargetDependency */,
			);
			fileSystemSynchronizedGroups = (
				40F6FBE82D3B9E6C00C2FF35 /* WardrobeAssistantTests */,
			);
			name = "wardrobe-assistantTests";
			packageProductDependencies = (
			);
			productName = WardrobeAssistantTests;
			productReference = 40F6FBE52D3B9E6C00C2FF35 /* wardrobe-assistantTests.xctest */;
			productType = "com.apple.product-type.bundle.unit-test";
		};
		40F6FBEE2D3B9E6C00C2FF35 /* wardrobe-assistantUITests */ = {
			isa = PBXNativeTarget;
			buildConfigurationList = 40F6FBFF2D3B9E6C00C2FF35 /* Build configuration list for PBXNativeTarget "wardrobe-assistantUITests" */;
			buildPhases = (
				40F6FBEB2D3B9E6C00C2FF35 /* Sources */,
				40F6FBEC2D3B9E6C00C2FF35 /* Frameworks */,
				40F6FBED2D3B9E6C00C2FF35 /* Resources */,
			);
			buildRules = (
			);
			dependencies = (
				40F6FBF12D3B9E6C00C2FF35 /* PBXTargetDependency */,
			);
			fileSystemSynchronizedGroups = (
				40F6FBF22D3B9E6C00C2FF35 /* WardrobeAssistantUITests */,
			);
			name = "wardrobe-assistantUITests";
			packageProductDependencies = (
			);
			productName = WardrobeAssistantUITests;
			productReference = 40F6FBEF2D3B9E6C00C2FF35 /* wardrobe-assistantUITests.xctest */;
			productType = "com.apple.product-type.bundle.ui-testing";
		};
/* End PBXNativeTarget section */

/* Begin PBXProject section */
		40F6FBCB2D3B9E6A00C2FF35 /* Project object */ = {
			isa = PBXProject;
			attributes = {
				BuildIndependentTargetsInParallel = 1;
				LastSwiftUpdateCheck = 1620;
				LastUpgradeCheck = 1620;
				TargetAttributes = {
					40F6FBD22D3B9E6A00C2FF35 = {
						CreatedOnToolsVersion = 16.2;
					};
					40F6FBE42D3B9E6C00C2FF35 = {
						CreatedOnToolsVersion = 16.2;
						TestTargetID = 40F6FBD22D3B9E6A00C2FF35;
					};
					40F6FBEE2D3B9E6C00C2FF35 = {
						CreatedOnToolsVersion = 16.2;
						TestTargetID = 40F6FBD22D3B9E6A00C2FF35;
					};
				};
			};
			buildConfigurationList = 40F6FBCE2D3B9E6A00C2FF35 /* Build configuration list for PBXProject "wardrobe-assistant" */;
			developmentRegion = en;
			hasScannedForEncodings = 0;
			knownRegions = (
				en,
				Base,
			);
			mainGroup = 40F6FBCA2D3B9E6A00C2FF35;
			minimizedProjectReferenceProxies = 1;
			preferredProjectObjectVersion = 77;
			productRefGroup = 40F6FBD42D3B9E6A00C2FF35 /* Products */;
			projectDirPath = "";
			projectRoot = "";
			targets = (
				40F6FBD22D3B9E6A00C2FF35 /* wardrobe-assistant */,
				40F6FBE42D3B9E6C00C2FF35 /* wardrobe-assistantTests */,
				40F6FBEE2D3B9E6C00C2FF35 /* wardrobe-assistantUITests */,
			);
		};
/* End PBXProject section */

/* Begin PBXResourcesBuildPhase section */
		40F6FBD12D3B9E6A00C2FF35 /* Resources */ = {
			isa = PBXResourcesBuildPhase;
			buildActionMask = 2147483647;
			files = (
			);
			runOnlyForDeploymentPostprocessing = 0;
		};
		40F6FBE32D3B9E6C00C2FF35 /* Resources */ = {
			isa = PBXResourcesBuildPhase;
			buildActionMask = 2147483647;
			files = (
			);
			runOnlyForDeploymentPostprocessing = 0;
		};
		40F6FBED2D3B9E6C00C2FF35 /* Resources */ = {
			isa = PBXResourcesBuildPhase;
			buildActionMask = 2147483647;
			files = (
			);
			runOnlyForDeploymentPostprocessing = 0;
		};
/* End PBXResourcesBuildPhase section */

/* Begin PBXSourcesBuildPhase section */
		40F6FBCF2D3B9E6A00C2FF35 /* Sources */ = {
			isa = PBXSourcesBuildPhase;
			buildActionMask = 2147483647;
			files = (
			);
			runOnlyForDeploymentPostprocessing = 0;
		};
		40F6FBE12D3B9E6C00C2FF35 /* Sources */ = {
			isa = PBXSourcesBuildPhase;
			buildActionMask = 2147483647;
			files = (
			);
			runOnlyForDeploymentPostprocessing = 0;
		};
		40F6FBEB2D3B9E6C00C2FF35 /* Sources */ = {
			isa = PBXSourcesBuildPhase;
			buildActionMask = 2147483647;
			files = (
			);
			runOnlyForDeploymentPostprocessing = 0;
		};
/* End PBXSourcesBuildPhase section */

/* Begin PBXTargetDependency section */
		40F6FBE72D3B9E6C00C2FF35 /* PBXTargetDependency */ = {
			isa = PBXTargetDependency;
			target = 40F6FBD22D3B9E6A00C2FF35 /* wardrobe-assistant */;
			targetProxy = 40F6FBE62D3B9E6C00C2FF35 /* PBXContainerItemProxy */;
		};
		40F6FBF12D3B9E6C00C2FF35 /* PBXTargetDependency */ = {
			isa = PBXTargetDependency;
			target = 40F6FBD22D3B9E6A00C2FF35 /* wardrobe-assistant */;
			targetProxy = 40F6FBF02D3B9E6C00C2FF35 /* PBXContainerItemProxy */;
		};
/* End PBXTargetDependency section */

/* Begin XCBuildConfiguration section */
		40F6FBF72D3B9E6C00C2FF35 /* Debug */ = {
			isa = XCBuildConfiguration;
			buildSettings = {
				ALWAYS_SEARCH_USER_PATHS = NO;
				ASSETCATALOG_COMPILER_GENERATE_SWIFT_ASSET_SYMBOL_EXTENSIONS = YES;
				CLANG_ANALYZER_NONNULL = YES;
				CLANG_ANALYZER_NUMBER_OBJECT_CONVERSION = YES_AGGRESSIVE;
				CLANG_CXX_LANGUAGE_STANDARD = "gnu++20";
				CLANG_ENABLE_MODULES = YES;
				CLANG_ENABLE_OBJC_ARC = YES;
				CLANG_ENABLE_OBJC_WEAK = YES;
				CLANG_WARN_BLOCK_CAPTURE_AUTORELEASING = YES;
				CLANG_WARN_BOOL_CONVERSION = YES;
				CLANG_WARN_COMMA = YES;
				CLANG_WARN_CONSTANT_CONVERSION = YES;
				CLANG_WARN_DEPRECATED_OBJC_IMPLEMENTATIONS = YES;
				CLANG_WARN_DIRECT_OBJC_ISA_USAGE = YES_ERROR;
				CLANG_WARN_DOCUMENTATION_COMMENTS = YES;
				CLANG_WARN_EMPTY_BODY = YES;
				CLANG_WARN_ENUM_CONVERSION = YES;
				CLANG_WARN_INFINITE_RECURSION = YES;
				CLANG_WARN_INT_CONVERSION = YES;
				CLANG_WARN_NON_LITERAL_NULL_CONVERSION = YES;
				CLANG_WARN_OBJC_IMPLICIT_RETAIN_SELF = YES;
				CLANG_WARN_OBJC_LITERAL_CONVERSION = YES;
				CLANG_WARN_OBJC_ROOT_CLASS = YES_ERROR;
				CLANG_WARN_QUOTED_INCLUDE_IN_FRAMEWORK_HEADER = YES;
				CLANG_WARN_RANGE_LOOP_ANALYSIS = YES;
				CLANG_WARN_STRICT_PROTOTYPES = YES;
				CLANG_WARN_SUSPICIOUS_MOVE = YES;
				CLANG_WARN_UNGUARDED_AVAILABILITY = YES_AGGRESSIVE;
				CLANG_WARN_UNREACHABLE_CODE = YES;
				CLANG_WARN__DUPLICATE_METHOD_MATCH = YES;
				COPY_PHASE_STRIP = NO;
				DEBUG_INFORMATION_FORMAT = dwarf;
				ENABLE_STRICT_OBJC_MSGSEND = YES;
				ENABLE_TESTABILITY = YES;
				ENABLE_USER_SCRIPT_SANDBOXING = YES;
				GCC_C_LANGUAGE_STANDARD = gnu17;
				GCC_DYNAMIC_NO_PIC = NO;
				GCC_NO_COMMON_BLOCKS = YES;
				GCC_OPTIMIZATION_LEVEL = 0;
				GCC_PREPROCESSOR_DEFINITIONS = (
					"DEBUG=1",
					"$(inherited)",
				);
				GCC_WARN_64_TO_32_BIT_CONVERSION = YES;
				GCC_WARN_ABOUT_RETURN_TYPE = YES_ERROR;
				GCC_WARN_UNDECLARED_SELECTOR = YES;
				GCC_WARN_UNINITIALIZED_AUTOS = YES_AGGRESSIVE;
				GCC_WARN_UNUSED_FUNCTION = YES;
				GCC_WARN_UNUSED_VARIABLE = YES;
				IPHONEOS_DEPLOYMENT_TARGET = 18.2;
				LOCALIZATION_PREFERS_STRING_CATALOGS = YES;
				MTL_ENABLE_DEBUG_INFO = INCLUDE_SOURCE;
				MTL_FAST_MATH = YES;
				ONLY_ACTIVE_ARCH = YES;
				SDKROOT = iphoneos;
				SWIFT_ACTIVE_COMPILATION_CONDITIONS = "DEBUG $(inherited)";
				SWIFT_OPTIMIZATION_LEVEL = "-Onone";
			};
			name = Debug;
		};
		40F6FBF82D3B9E6C00C2FF35 /* Release */ = {
			isa = XCBuildConfiguration;
			buildSettings = {
				ALWAYS_SEARCH_USER_PATHS = NO;
				ASSETCATALOG_COMPILER_GENERATE_SWIFT_ASSET_SYMBOL_EXTENSIONS = YES;
				CLANG_ANALYZER_NONNULL = YES;
				CLANG_ANALYZER_NUMBER_OBJECT_CONVERSION = YES_AGGRESSIVE;
				CLANG_CXX_LANGUAGE_STANDARD = "gnu++20";
				CLANG_ENABLE_MODULES = YES;
				CLANG_ENABLE_OBJC_ARC = YES;
				CLANG_ENABLE_OBJC_WEAK = YES;
				CLANG_WARN_BLOCK_CAPTURE_AUTORELEASING = YES;
				CLANG_WARN_BOOL_CONVERSION = YES;
				CLANG_WARN_COMMA = YES;
				CLANG_WARN_CONSTANT_CONVERSION = YES;
				CLANG_WARN_DEPRECATED_OBJC_IMPLEMENTATIONS = YES;
				CLANG_WARN_DIRECT_OBJC_ISA_USAGE = YES_ERROR;
				CLANG_WARN_DOCUMENTATION_COMMENTS = YES;
				CLANG_WARN_EMPTY_BODY = YES;
				CLANG_WARN_ENUM_CONVERSION = YES;
				CLANG_WARN_INFINITE_RECURSION = YES;
				CLANG_WARN_INT_CONVERSION = YES;
				CLANG_WARN_NON_LITERAL_NULL_CONVERSION = YES;
				CLANG_WARN_OBJC_IMPLICIT_RETAIN_SELF = YES;
				CLANG_WARN_OBJC_LITERAL_CONVERSION = YES;
				CLANG_WARN_OBJC_ROOT_CLASS = YES_ERROR;
				CLANG_WARN_QUOTED_INCLUDE_IN_FRAMEWORK_HEADER = YES;
				CLANG_WARN_RANGE_LOOP_ANALYSIS = YES;
				CLANG_WARN_STRICT_PROTOTYPES = YES;
				CLANG_WARN_SUSPICIOUS_MOVE = YES;
				CLANG_WARN_UNGUARDED_AVAILABILITY = YES_AGGRESSIVE;
				CLANG_WARN_UNREACHABLE_CODE = YES;
				CLANG_WARN__DUPLICATE_METHOD_MATCH = YES;
				COPY_PHASE_STRIP = NO;
				DEBUG_INFORMATION_FORMAT = "dwarf-with-dsym";
				ENABLE_NS_ASSERTIONS = NO;
				ENABLE_STRICT_OBJC_MSGSEND = YES;
				ENABLE_USER_SCRIPT_SANDBOXING = YES;
				GCC_C_LANGUAGE_STANDARD = gnu17;
				GCC_NO_COMMON_BLOCKS = YES;
				GCC_WARN_64_TO_32_BIT_CONVERSION = YES;
				GCC_WARN_ABOUT_RETURN_TYPE = YES_ERROR;
				GCC_WARN_UNDECLARED_SELECTOR = YES;
				GCC_WARN_UNINITIALIZED_AUTOS = YES_AGGRESSIVE;
				GCC_WARN_UNUSED_FUNCTION = YES;
				GCC_WARN_UNUSED_VARIABLE = YES;
				IPHONEOS_DEPLOYMENT_TARGET = 18.2;
				LOCALIZATION_PREFERS_STRING_CATALOGS = YES;
				MTL_ENABLE_DEBUG_INFO = NO;
				MTL_FAST_MATH = YES;
				SDKROOT = iphoneos;
				SWIFT_COMPILATION_MODE = wholemodule;
				VALIDATE_PRODUCT = YES;
			};
			name = Release;
		};
		40F6FBFA2D3B9E6C00C2FF35 /* Debug */ = {
			isa = XCBuildConfiguration;
			buildSettings = {
				ASSETCATALOG_COMPILER_APPICON_NAME = AppIcon;
				ASSETCATALOG_COMPILER_GLOBAL_ACCENT_COLOR_NAME = AccentColor;
				CODE_SIGN_STYLE = Automatic;
				CURRENT_PROJECT_VERSION = 1;
				DEVELOPMENT_ASSET_PATHS = "\"WardrobeAssistant/Preview Content\"";
				DEVELOPMENT_TEAM = F5AQXH3Q9X;
				ENABLE_PREVIEWS = YES;
				GENERATE_INFOPLIST_FILE = YES;
				INFOPLIST_KEY_CFBundleDisplayName = "Wardrobe Assistant";
				INFOPLIST_KEY_UIApplicationSceneManifest_Generation = YES;
				INFOPLIST_KEY_UIApplicationSupportsIndirectInputEvents = YES;
				INFOPLIST_KEY_UILaunchScreen_Generation = YES;
				INFOPLIST_KEY_UISupportedInterfaceOrientations_iPad = "UIInterfaceOrientationPortrait UIInterfaceOrientationPortraitUpsideDown UIInterfaceOrientationLandscapeLeft UIInterfaceOrientationLandscapeRight";
				INFOPLIST_KEY_UISupportedInterfaceOrientations_iPhone = "UIInterfaceOrientationPortrait UIInterfaceOrientationLandscapeLeft UIInterfaceOrientationLandscapeRight";
				LD_RUNPATH_SEARCH_PATHS = (
					"$(inherited)",
					"@executable_path/Frameworks",
				);
				MARKETING_VERSION = 1.0;
				PRODUCT_BUNDLE_IDENTIFIER = "com.yudeazuki.wardrobe-assistant";
				PRODUCT_NAME = "$(TARGET_NAME)";
				SWIFT_EMIT_LOC_STRINGS = YES;
				SWIFT_VERSION = 5.0;
				TARGETED_DEVICE_FAMILY = "1,2";
			};
			name = Debug;
		};
		40F6FBFB2D3B9E6C00C2FF35 /* Release */ = {
			isa = XCBuildConfiguration;
			buildSettings = {
				ASSETCATALOG_COMPILER_APPICON_NAME = AppIcon;
				ASSETCATALOG_COMPILER_GLOBAL_ACCENT_COLOR_NAME = AccentColor;
				CODE_SIGN_STYLE = Automatic;
				CURRENT_PROJECT_VERSION = 1;
				DEVELOPMENT_ASSET_PATHS = "\"WardrobeAssistant/Preview Content\"";
				DEVELOPMENT_TEAM = F5AQXH3Q9X;
				ENABLE_PREVIEWS = YES;
				GENERATE_INFOPLIST_FILE = YES;
				INFOPLIST_KEY_CFBundleDisplayName = "Wardrobe Assistant";
				INFOPLIST_KEY_UIApplicationSceneManifest_Generation = YES;
				INFOPLIST_KEY_UIApplicationSupportsIndirectInputEvents = YES;
				INFOPLIST_KEY_UILaunchScreen_Generation = YES;
				INFOPLIST_KEY_UISupportedInterfaceOrientations_iPad = "UIInterfaceOrientationPortrait UIInterfaceOrientationPortraitUpsideDown UIInterfaceOrientationLandscapeLeft UIInterfaceOrientationLandscapeRight";
				INFOPLIST_KEY_UISupportedInterfaceOrientations_iPhone = "UIInterfaceOrientationPortrait UIInterfaceOrientationLandscapeLeft UIInterfaceOrientationLandscapeRight";
				LD_RUNPATH_SEARCH_PATHS = (
					"$(inherited)",
					"@executable_path/Frameworks",
				);
				MARKETING_VERSION = 1.0;
				PRODUCT_BUNDLE_IDENTIFIER = "com.yudeazuki.wardrobe-assistant";
				PRODUCT_NAME = "$(TARGET_NAME)";
				SWIFT_EMIT_LOC_STRINGS = YES;
				SWIFT_VERSION = 5.0;
				TARGETED_DEVICE_FAMILY = "1,2";
			};
			name = Release;
		};
		40F6FBFD2D3B9E6C00C2FF35 /* Debug */ = {
			isa = XCBuildConfiguration;
			buildSettings = {
				BUNDLE_LOADER = "$(TEST_HOST)";
				CODE_SIGN_STYLE = Automatic;
				CURRENT_PROJECT_VERSION = 1;
				DEVELOPMENT_TEAM = F5AQXH3Q9X;
				GENERATE_INFOPLIST_FILE = YES;
				IPHONEOS_DEPLOYMENT_TARGET = 18.2;
				MARKETING_VERSION = 1.0;
				PRODUCT_BUNDLE_IDENTIFIER = com.yudeazuki.WardrobeAssistantTests;
				PRODUCT_NAME = "$(TARGET_NAME)";
				SWIFT_EMIT_LOC_STRINGS = NO;
				SWIFT_VERSION = 5.0;
				TARGETED_DEVICE_FAMILY = "1,2";
				TEST_HOST = "$(BUILT_PRODUCTS_DIR)/wardrobe-assistant.app/$(BUNDLE_EXECUTABLE_FOLDER_PATH)/wardrobe-assistant";
			};
			name = Debug;
		};
		40F6FBFE2D3B9E6C00C2FF35 /* Release */ = {
			isa = XCBuildConfiguration;
			buildSettings = {
				BUNDLE_LOADER = "$(TEST_HOST)";
				CODE_SIGN_STYLE = Automatic;
				CURRENT_PROJECT_VERSION = 1;
				DEVELOPMENT_TEAM = F5AQXH3Q9X;
				GENERATE_INFOPLIST_FILE = YES;
				IPHONEOS_DEPLOYMENT_TARGET = 18.2;
				MARKETING_VERSION = 1.0;
				PRODUCT_BUNDLE_IDENTIFIER = com.yudeazuki.WardrobeAssistantTests;
				PRODUCT_NAME = "$(TARGET_NAME)";
				SWIFT_EMIT_LOC_STRINGS = NO;
				SWIFT_VERSION = 5.0;
				TARGETED_DEVICE_FAMILY = "1,2";
				TEST_HOST = "$(BUILT_PRODUCTS_DIR)/wardrobe-assistant.app/$(BUNDLE_EXECUTABLE_FOLDER_PATH)/wardrobe-assistant";
			};
			name = Release;
		};
		40F6FC002D3B9E6C00C2FF35 /* Debug */ = {
			isa = XCBuildConfiguration;
			buildSettings = {
				CODE_SIGN_STYLE = Automatic;
				CURRENT_PROJECT_VERSION = 1;
				DEVELOPMENT_TEAM = F5AQXH3Q9X;
				GENERATE_INFOPLIST_FILE = YES;
				MARKETING_VERSION = 1.0;
				PRODUCT_BUNDLE_IDENTIFIER = com.yudeazuki.WardrobeAssistantUITests;
				PRODUCT_NAME = "$(TARGET_NAME)";
				SWIFT_EMIT_LOC_STRINGS = NO;
				SWIFT_VERSION = 5.0;
				TARGETED_DEVICE_FAMILY = "1,2";
				TEST_TARGET_NAME = WardrobeAssistant;
			};
			name = Debug;
		};
		40F6FC012D3B9E6C00C2FF35 /* Release */ = {
			isa = XCBuildConfiguration;
			buildSettings = {
				CODE_SIGN_STYLE = Automatic;
				CURRENT_PROJECT_VERSION = 1;
				DEVELOPMENT_TEAM = F5AQXH3Q9X;
				GENERATE_INFOPLIST_FILE = YES;
				MARKETING_VERSION = 1.0;
				PRODUCT_BUNDLE_IDENTIFIER = com.yudeazuki.WardrobeAssistantUITests;
				PRODUCT_NAME = "$(TARGET_NAME)";
				SWIFT_EMIT_LOC_STRINGS = NO;
				SWIFT_VERSION = 5.0;
				TARGETED_DEVICE_FAMILY = "1,2";
				TEST_TARGET_NAME = WardrobeAssistant;
			};
			name = Release;
		};
/* End XCBuildConfiguration section */

/* Begin XCConfigurationList section */
		40F6FBCE2D3B9E6A00C2FF35 /* Build configuration list for PBXProject "wardrobe-assistant" */ = {
			isa = XCConfigurationList;
			buildConfigurations = (
				40F6FBF72D3B9E6C00C2FF35 /* Debug */,
				40F6FBF82D3B9E6C00C2FF35 /* Release */,
			);
			defaultConfigurationIsVisible = 0;
			defaultConfigurationName = Release;
		};
		40F6FBF92D3B9E6C00C2FF35 /* Build configuration list for PBXNativeTarget "wardrobe-assistant" */ = {
			isa = XCConfigurationList;
			buildConfigurations = (
				40F6FBFA2D3B9E6C00C2FF35 /* Debug */,
				40F6FBFB2D3B9E6C00C2FF35 /* Release */,
			);
			defaultConfigurationIsVisible = 0;
			defaultConfigurationName = Release;
		};
		40F6FBFC2D3B9E6C00C2FF35 /* Build configuration list for PBXNativeTarget "wardrobe-assistantTests" */ = {
			isa = XCConfigurationList;
			buildConfigurations = (
				40F6FBFD2D3B9E6C00C2FF35 /* Debug */,
				40F6FBFE2D3B9E6C00C2FF35 /* Release */,
			);
			defaultConfigurationIsVisible = 0;
			defaultConfigurationName = Release;
		};
		40F6FBFF2D3B9E6C00C2FF35 /* Build configuration list for PBXNativeTarget "wardrobe-assistantUITests" */ = {
			isa = XCConfigurationList;
			buildConfigurations = (
				40F6FC002D3B9E6C00C2FF35 /* Debug */,
				40F6FC012D3B9E6C00C2FF35 /* Release */,
			);
			defaultConfigurationIsVisible = 0;
			defaultConfigurationName = Release;
		};
/* End XCConfigurationList section */
	};
	rootObject = 40F6FBCB2D3B9E6A00C2FF35 /* Project object */;
}
